
Microsoft Visual Studio Solution File, Format Version 12.00
# Visual Studio Version 16
VisualStudioVersion = 16.0.31019.35
MinimumVisualStudioVersion = 10.0.40219.1
Project("{FAE04EC0-301F-11D3-BF4B-00C04F79EFBC}") = "button tester", "button tester\button tester.csproj", "{4F5EFDF9-3F86-4D07-A5B0-28276EEF73C1}"
EndProject
Project("{FAE04EC0-301F-11D3-BF4B-00C04F79EFBC}") = "EnsureAlwaysOn", "EnsureAlwaysOn\EnsureAlwaysOn.csproj", "{DCC9059A-C1E6-464C-9C92-3057B5CD4FC3}"
EndProject
Global
	GlobalSection(SolutionConfigurationPlatforms) = preSolution
		Debug|Any CPU = Debug|Any CPU
		Debug|Mixed Platforms = Debug|Mixed Platforms
		Debug|x86 = Debug|x86
		Mockup|Any CPU = Mockup|Any CPU
		Mockup|Mixed Platforms = Mockup|Mixed Platforms
		Mockup|x86 = Mockup|x86
		Release|Any CPU = Release|Any CPU
		Release|Mixed Platforms = Release|Mixed Platforms
		Release|x86 = Release|x86
		RPIGPIO|Any CPU = RPIGPIO|Any CPU
		RPIGPIO|Mixed Platforms = RPIGPIO|Mixed Platforms
		RPIGPIO|x86 = RPIGPIO|x86
		RPIGPIO2|Any CPU = RPIGPIO2|Any CPU
		RPIGPIO2|Mixed Platforms = RPIGPIO2|Mixed Platforms
		RPIGPIO2|x86 = RPIGPIO2|x86
		TEST|Any CPU = TEST|Any CPU
		TEST|Mixed Platforms = TEST|Mixed Platforms
		TEST|x86 = TEST|x86
		TITI|Any CPU = TITI|Any CPU
		TITI|Mixed Platforms = TITI|Mixed Platforms
		TITI|x86 = TITI|x86
	EndGlobalSection
	GlobalSection(ProjectConfigurationPlatforms) = postSolution
		{4F5EFDF9-3F86-4D07-A5B0-28276EEF73C1}.Debug|Any CPU.ActiveCfg = Debug|Any CPU
		{4F5EFDF9-3F86-4D07-A5B0-28276EEF73C1}.Debug|Any CPU.Build.0 = Debug|Any CPU
		{4F5EFDF9-3F86-4D07-A5B0-28276EEF73C1}.Debug|Mixed Platforms.ActiveCfg = Debug|x86
		{4F5EFDF9-3F86-4D07-A5B0-28276EEF73C1}.Debug|Mixed Platforms.Build.0 = Debug|x86
		{4F5EFDF9-3F86-4D07-A5B0-28276EEF73C1}.Debug|x86.ActiveCfg = Debug|x86
		{4F5EFDF9-3F86-4D07-A5B0-28276EEF73C1}.Debug|x86.Build.0 = Debug|x86
		{4F5EFDF9-3F86-4D07-A5B0-28276EEF73C1}.Mockup|Any CPU.ActiveCfg = Debug Mockup|Any CPU
		{4F5EFDF9-3F86-4D07-A5B0-28276EEF73C1}.Mockup|Any CPU.Build.0 = Debug Mockup|Any CPU
		{4F5EFDF9-3F86-4D07-A5B0-28276EEF73C1}.Mockup|Mixed Platforms.ActiveCfg = Debug Mockup|x86
		{4F5EFDF9-3F86-4D07-A5B0-28276EEF73C1}.Mockup|Mixed Platforms.Build.0 = Debug Mockup|x86
		{4F5EFDF9-3F86-4D07-A5B0-28276EEF73C1}.Mockup|x86.ActiveCfg = Debug Mockup|x86
		{4F5EFDF9-3F86-4D07-A5B0-28276EEF73C1}.Mockup|x86.Build.0 = Debug Mockup|x86
		{4F5EFDF9-3F86-4D07-A5B0-28276EEF73C1}.Release|Any CPU.ActiveCfg = Release|Any CPU
		{4F5EFDF9-3F86-4D07-A5B0-28276EEF73C1}.Release|Any CPU.Build.0 = Release|Any CPU
		{4F5EFDF9-3F86-4D07-A5B0-28276EEF73C1}.Release|Mixed Platforms.ActiveCfg = Release|x86
		{4F5EFDF9-3F86-4D07-A5B0-28276EEF73C1}.Release|Mixed Platforms.Build.0 = Release|x86
		{4F5EFDF9-3F86-4D07-A5B0-28276EEF73C1}.Release|x86.ActiveCfg = Release|x86
		{4F5EFDF9-3F86-4D07-A5B0-28276EEF73C1}.Release|x86.Build.0 = Release|x86
		{4F5EFDF9-3F86-4D07-A5B0-28276EEF73C1}.RPIGPIO|Any CPU.ActiveCfg = RPIGPIO|Any CPU
		{4F5EFDF9-3F86-4D07-A5B0-28276EEF73C1}.RPIGPIO|Any CPU.Build.0 = RPIGPIO|Any CPU
		{4F5EFDF9-3F86-4D07-A5B0-28276EEF73C1}.RPIGPIO|Mixed Platforms.ActiveCfg = RPIGPIO|x86
		{4F5EFDF9-3F86-4D07-A5B0-28276EEF73C1}.RPIGPIO|Mixed Platforms.Build.0 = RPIGPIO|x86
		{4F5EFDF9-3F86-4D07-A5B0-28276EEF73C1}.RPIGPIO|x86.ActiveCfg = RPIGPIO|x86
		{4F5EFDF9-3F86-4D07-A5B0-28276EEF73C1}.RPIGPIO|x86.Build.0 = RPIGPIO|x86
		{4F5EFDF9-3F86-4D07-A5B0-28276EEF73C1}.RPIGPIO2|Any CPU.ActiveCfg = RPIGPIO2|Any CPU
		{4F5EFDF9-3F86-4D07-A5B0-28276EEF73C1}.RPIGPIO2|Any CPU.Build.0 = RPIGPIO2|Any CPU
		{4F5EFDF9-3F86-4D07-A5B0-28276EEF73C1}.RPIGPIO2|Mixed Platforms.ActiveCfg = RPIGPIO2|x86
		{4F5EFDF9-3F86-4D07-A5B0-28276EEF73C1}.RPIGPIO2|Mixed Platforms.Build.0 = RPIGPIO2|x86
		{4F5EFDF9-3F86-4D07-A5B0-28276EEF73C1}.RPIGPIO2|x86.ActiveCfg = RPIGPIO2|x86
		{4F5EFDF9-3F86-4D07-A5B0-28276EEF73C1}.RPIGPIO2|x86.Build.0 = RPIGPIO2|x86
		{4F5EFDF9-3F86-4D07-A5B0-28276EEF73C1}.TEST|Any CPU.ActiveCfg = TEST|Any CPU
		{4F5EFDF9-3F86-4D07-A5B0-28276EEF73C1}.TEST|Any CPU.Build.0 = TEST|Any CPU
		{4F5EFDF9-3F86-4D07-A5B0-28276EEF73C1}.TEST|Mixed Platforms.ActiveCfg = TEST|x86
		{4F5EFDF9-3F86-4D07-A5B0-28276EEF73C1}.TEST|Mixed Platforms.Build.0 = TEST|x86
		{4F5EFDF9-3F86-4D07-A5B0-28276EEF73C1}.TEST|x86.ActiveCfg = TEST|x86
		{4F5EFDF9-3F86-4D07-A5B0-28276EEF73C1}.TEST|x86.Build.0 = TEST|x86
		{4F5EFDF9-3F86-4D07-A5B0-28276EEF73C1}.TITI|Any CPU.ActiveCfg = TITI|Any CPU
		{4F5EFDF9-3F86-4D07-A5B0-28276EEF73C1}.TITI|Any CPU.Build.0 = TITI|Any CPU
		{4F5EFDF9-3F86-4D07-A5B0-28276EEF73C1}.TITI|Mixed Platforms.ActiveCfg = TITI|x86
		{4F5EFDF9-3F86-4D07-A5B0-28276EEF73C1}.TITI|Mixed Platforms.Build.0 = TITI|x86
		{4F5EFDF9-3F86-4D07-A5B0-28276EEF73C1}.TITI|x86.ActiveCfg = TITI|x86
		{4F5EFDF9-3F86-4D07-A5B0-28276EEF73C1}.TITI|x86.Build.0 = TITI|x86
		{DCC9059A-C1E6-464C-9C92-3057B5CD4FC3}.Debug|Any CPU.ActiveCfg = Debug|Any CPU
		{DCC9059A-C1E6-464C-9C92-3057B5CD4FC3}.Debug|Any CPU.Build.0 = Debug|Any CPU
		{DCC9059A-C1E6-464C-9C92-3057B5CD4FC3}.Debug|Mixed Platforms.ActiveCfg = Debug|Any CPU
		{DCC9059A-C1E6-464C-9C92-3057B5CD4FC3}.Debug|Mixed Platforms.Build.0 = Debug|Any CPU
		{DCC9059A-C1E6-464C-9C92-3057B5CD4FC3}.Debug|x86.ActiveCfg = Debug|Any CPU
		{DCC9059A-C1E6-464C-9C92-3057B5CD4FC3}.Mockup|Any CPU.ActiveCfg = Debug|Any CPU
		{DCC9059A-C1E6-464C-9C92-3057B5CD4FC3}.Mockup|Any CPU.Build.0 = Debug|Any CPU
		{DCC9059A-C1E6-464C-9C92-3057B5CD4FC3}.Mockup|Mixed Platforms.ActiveCfg = Debug|Any CPU
		{DCC9059A-C1E6-464C-9C92-3057B5CD4FC3}.Mockup|Mixed Platforms.Build.0 = Debug|Any CPU
		{DCC9059A-C1E6-464C-9C92-3057B5CD4FC3}.Mockup|x86.ActiveCfg = Debug|Any CPU
		{DCC9059A-C1E6-464C-9C92-3057B5CD4FC3}.Release|Any CPU.ActiveCfg = Release|Any CPU
		{DCC9059A-C1E6-464C-9C92-3057B5CD4FC3}.Release|Any CPU.Build.0 = Release|Any CPU
		{DCC9059A-C1E6-464C-9C92-3057B5CD4FC3}.Release|Mixed Platforms.ActiveCfg = Release|Any CPU
		{DCC9059A-C1E6-464C-9C92-3057B5CD4FC3}.Release|Mixed Platforms.Build.0 = Release|Any CPU
		{DCC9059A-C1E6-464C-9C92-3057B5CD4FC3}.Release|x86.ActiveCfg = Release|Any CPU
		{DCC9059A-C1E6-464C-9C92-3057B5CD4FC3}.RPIGPIO|Any CPU.ActiveCfg = RPIGPIO|Any CPU
		{DCC9059A-C1E6-464C-9C92-3057B5CD4FC3}.RPIGPIO|Any CPU.Build.0 = RPIGPIO|Any CPU
		{DCC9059A-C1E6-464C-9C92-3057B5CD4FC3}.RPIGPIO|Mixed Platforms.ActiveCfg = RPIGPIO|Any CPU
		{DCC9059A-C1E6-464C-9C92-3057B5CD4FC3}.RPIGPIO|Mixed Platforms.Build.0 = RPIGPIO|Any CPU
		{DCC9059A-C1E6-464C-9C92-3057B5CD4FC3}.RPIGPIO|x86.ActiveCfg = RPIGPIO|Any CPU
		{DCC9059A-C1E6-464C-9C92-3057B5CD4FC3}.RPIGPIO|x86.Build.0 = RPIGPIO|Any CPU
		{DCC9059A-C1E6-464C-9C92-3057B5CD4FC3}.RPIGPIO2|Any CPU.ActiveCfg = RPIGPIO2|Any CPU
		{DCC9059A-C1E6-464C-9C92-3057B5CD4FC3}.RPIGPIO2|Any CPU.Build.0 = RPIGPIO2|Any CPU
		{DCC9059A-C1E6-464C-9C92-3057B5CD4FC3}.RPIGPIO2|Mixed Platforms.ActiveCfg = RPIGPIO2|Any CPU
		{DCC9059A-C1E6-464C-9C92-3057B5CD4FC3}.RPIGPIO2|Mixed Platforms.Build.0 = RPIGPIO2|Any CPU
		{DCC9059A-C1E6-464C-9C92-3057B5CD4FC3}.RPIGPIO2|x86.ActiveCfg = RPIGPIO2|Any CPU
		{DCC9059A-C1E6-464C-9C92-3057B5CD4FC3}.RPIGPIO2|x86.Build.0 = RPIGPIO2|Any CPU
		{DCC9059A-C1E6-464C-9C92-3057B5CD4FC3}.TEST|Any CPU.ActiveCfg = TEST|Any CPU
		{DCC9059A-C1E6-464C-9C92-3057B5CD4FC3}.TEST|Any CPU.Build.0 = TEST|Any CPU
		{DCC9059A-C1E6-464C-9C92-3057B5CD4FC3}.TEST|Mixed Platforms.ActiveCfg = TEST|Any CPU
		{DCC9059A-C1E6-464C-9C92-3057B5CD4FC3}.TEST|Mixed Platforms.Build.0 = TEST|Any CPU
		{DCC9059A-C1E6-464C-9C92-3057B5CD4FC3}.TEST|x86.ActiveCfg = TEST|Any CPU
		{DCC9059A-C1E6-464C-9C92-3057B5CD4FC3}.TEST|x86.Build.0 = TEST|Any CPU
		{DCC9059A-C1E6-464C-9C92-3057B5CD4FC3}.TITI|Any CPU.ActiveCfg = TITI|Any CPU
		{DCC9059A-C1E6-464C-9C92-3057B5CD4FC3}.TITI|Any CPU.Build.0 = TITI|Any CPU
		{DCC9059A-C1E6-464C-9C92-3057B5CD4FC3}.TITI|Mixed Platforms.ActiveCfg = TITI|Any CPU
		{DCC9059A-C1E6-464C-9C92-3057B5CD4FC3}.TITI|Mixed Platforms.Build.0 = TITI|Any CPU
		{DCC9059A-C1E6-464C-9C92-3057B5CD4FC3}.TITI|x86.ActiveCfg = TITI|Any CPU
		{DCC9059A-C1E6-464C-9C92-3057B5CD4FC3}.TITI|x86.Build.0 = TITI|Any CPU
	EndGlobalSection
	GlobalSection(SolutionProperties) = preSolution
		HideSolutionNode = FALSE
	EndGlobalSection
	GlobalSection(ExtensibilityGlobals) = postSolution
		SolutionGuid = {DC465F35-3119-4438-BCED-1AA9BB06E171}
	EndGlobalSection
EndGlobal
